
Microsoft Visual Studio Solution File, Format Version 12.00
# Visual Studio Version 17
VisualStudioVersion = 17.8.34511.84
MinimumVisualStudioVersion = 10.0.40219.1
Project("{9A19103F-16F7-4668-BE54-9A1E7A4F7556}") = "SharedLib", "SharedLib\SharedLib.csproj", "{38E0985D-B33B-4B86-A009-B4ED2F68930F}"
EndProject
Project("{9A19103F-16F7-4668-BE54-9A1E7A4F7556}") = "ConsumerApp", "ConsumerApp\ConsumerApp.csproj", "{381ED740-C61E-4CC8-957A-C3C89A690218}"
EndProject
Project("{9A19103F-16F7-4668-BE54-9A1E7A4F7556}") = "ApiApp", "ApiApp\ApiApp.csproj", "{212BD6A3-C947-4E68-B05F-C7625E73B257}"
EndProject
Project("{2150E333-8FDC-42A3-9474-1A3956D46DE8}") = "1. Distributed Services", "1. Distributed Services", "{FDFEC750-38FA-4FE0-96D4-9CB466104754}"
EndProject
Project("{2150E333-8FDC-42A3-9474-1A3956D46DE8}") = "2. Application", "2. Application", "{2F7E4C4B-1399-4E31-9AD7-416EDB7AF297}"
EndProject
Project("{2150E333-8FDC-42A3-9474-1A3956D46DE8}") = "3. Domain", "3. Domain", "{1536FF8C-AFFC-4E7C-9FE7-E9238506C83E}"
EndProject
Project("{2150E333-8FDC-42A3-9474-1A3956D46DE8}") = "4. Infrastructure", "4. Infrastructure", "{60E53E0C-6D0B-4FBA-A437-58663148C52C}"
EndProject
Project("{FAE04EC0-301F-11D3-BF4B-00C04F79EFBC}") = "ApiApp.Application", "ApiApp.Application\ApiApp.Application.csproj", "{BECF486E-0300-489B-81D9-63ADC41A78DF}"
EndProject
Global
	GlobalSection(SolutionConfigurationPlatforms) = preSolution
		Debug|Any CPU = Debug|Any CPU
		Release|Any CPU = Release|Any CPU
	EndGlobalSection
	GlobalSection(ProjectConfigurationPlatforms) = postSolution
		{38E0985D-B33B-4B86-A009-B4ED2F68930F}.Debug|Any CPU.ActiveCfg = Debug|Any CPU
		{38E0985D-B33B-4B86-A009-B4ED2F68930F}.Debug|Any CPU.Build.0 = Debug|Any CPU
		{38E0985D-B33B-4B86-A009-B4ED2F68930F}.Release|Any CPU.ActiveCfg = Release|Any CPU
		{38E0985D-B33B-4B86-A009-B4ED2F68930F}.Release|Any CPU.Build.0 = Release|Any CPU
		{381ED740-C61E-4CC8-957A-C3C89A690218}.Debug|Any CPU.ActiveCfg = Debug|Any CPU
		{381ED740-C61E-4CC8-957A-C3C89A690218}.Debug|Any CPU.Build.0 = Debug|Any CPU
		{381ED740-C61E-4CC8-957A-C3C89A690218}.Release|Any CPU.ActiveCfg = Release|Any CPU
		{381ED740-C61E-4CC8-957A-C3C89A690218}.Release|Any CPU.Build.0 = Release|Any CPU
		{212BD6A3-C947-4E68-B05F-C7625E73B257}.Debug|Any CPU.ActiveCfg = Debug|Any CPU
		{212BD6A3-C947-4E68-B05F-C7625E73B257}.Debug|Any CPU.Build.0 = Debug|Any CPU
		{212BD6A3-C947-4E68-B05F-C7625E73B257}.Release|Any CPU.ActiveCfg = Release|Any CPU
		{212BD6A3-C947-4E68-B05F-C7625E73B257}.Release|Any CPU.Build.0 = Release|Any CPU
		{BECF486E-0300-489B-81D9-63ADC41A78DF}.Debug|Any CPU.ActiveCfg = Debug|Any CPU
		{BECF486E-0300-489B-81D9-63ADC41A78DF}.Debug|Any CPU.Build.0 = Debug|Any CPU
		{BECF486E-0300-489B-81D9-63ADC41A78DF}.Release|Any CPU.ActiveCfg = Release|Any CPU
		{BECF486E-0300-489B-81D9-63ADC41A78DF}.Release|Any CPU.Build.0 = Release|Any CPU
	EndGlobalSection
	GlobalSection(SolutionProperties) = preSolution
		HideSolutionNode = FALSE
	EndGlobalSection
	GlobalSection(NestedProjects) = preSolution
		{38E0985D-B33B-4B86-A009-B4ED2F68930F} = {60E53E0C-6D0B-4FBA-A437-58663148C52C}
		{381ED740-C61E-4CC8-957A-C3C89A690218} = {FDFEC750-38FA-4FE0-96D4-9CB466104754}
		{212BD6A3-C947-4E68-B05F-C7625E73B257} = {FDFEC750-38FA-4FE0-96D4-9CB466104754}
		{BECF486E-0300-489B-81D9-63ADC41A78DF} = {2F7E4C4B-1399-4E31-9AD7-416EDB7AF297}
	EndGlobalSection
	GlobalSection(ExtensibilityGlobals) = postSolution
		SolutionGuid = {2E3B37E5-D3CB-46F4-B3E3-D1D2778BEC7D}
	EndGlobalSection
EndGlobal
